// !$*UTF8*$!
{
	archiveVersion = 1;
	classes = {
	};
	objectVersion = 44;
	objects = {

/* Begin PBXBuildFile section */
		4DDCA7070ACC9A6100E082CE /* InfoPlist.strings in Resources */ = {isa = PBXBuildFile; fileRef = 089C165CFE840E0CC02AAC07 /* InfoPlist.strings */; };
		4DDCA7080ACC9A6100E082CE /* rb_main.rb in Resources */ = {isa = PBXBuildFile; fileRef = E8F5E25803AEB7C803A81C6F /* rb_main.rb */; };
		4DDCA70A0ACC9A6100E082CE /* main.m in Sources */ = {isa = PBXBuildFile; fileRef = 29B97316FDCFA39411CA2CEA /* main.m */; settings = {ATTRIBUTES = (); }; };
		4DDCA70C0ACC9A6100E082CE /* Cocoa.framework in Frameworks */ = {isa = PBXBuildFile; fileRef = 1058C7A1FEA54F0111CA2CBB /* Cocoa.framework */; };
		4DDCA70D0ACC9A6100E082CE /* RubyCocoa.framework in Frameworks */ = {isa = PBXBuildFile; fileRef = E8F5E24E03AEB6EC03A81C6F /* RubyCocoa.framework */; };
		D628123A0E62DCAE00FBEDF4 /* NSSound+SoundList.m in Sources */ = {isa = PBXBuildFile; fileRef = D62812380E62DCAE00FBEDF4 /* NSSound+SoundList.m */; };
		D62812540E63B7E600FBEDF4 /* Preferences.xib in Resources */ = {isa = PBXBuildFile; fileRef = D62812530E63B7E600FBEDF4 /* Preferences.xib */; };
		D628125A0E63B91300FBEDF4 /* NSButton+TextColor.m in Sources */ = {isa = PBXBuildFile; fileRef = D62812580E63B91300FBEDF4 /* NSButton+TextColor.m */; };
		D628125C0E63B95400FBEDF4 /* PreferencesController.rb in Resources */ = {isa = PBXBuildFile; fileRef = D628125B0E63B95400FBEDF4 /* PreferencesController.rb */; };
		D62BD9680E5D9CAB00119FB7 /* MainMenu.xib in Resources */ = {isa = PBXBuildFile; fileRef = D62BD9660E5D9CAB00119FB7 /* MainMenu.xib */; };
		D62BDA460E5E173200119FB7 /* CroakController.rb in Resources */ = {isa = PBXBuildFile; fileRef = D62BDA450E5E173200119FB7 /* CroakController.rb */; };
		D62BDAB90E5E1B8800119FB7 /* CroakCell.rb in Resources */ = {isa = PBXBuildFile; fileRef = D62BDAB80E5E1B8800119FB7 /* CroakCell.rb */; };
		D62BDB770E5E32DB00119FB7 /* Error.rb in Resources */ = {isa = PBXBuildFile; fileRef = D62BDB760E5E32DB00119FB7 /* Error.rb */; };
		D6436F020E5E5F4D0018B508 /* green_frog.gif in Resources */ = {isa = PBXBuildFile; fileRef = D6436F000E5E5F4D0018B508 /* green_frog.gif */; };
		D6436F030E5E5F4D0018B508 /* grey_frog.gif in Resources */ = {isa = PBXBuildFile; fileRef = D6436F010E5E5F4D0018B508 /* grey_frog.gif */; };
		D6436F140E5EE0380018B508 /* WindowController.rb in Resources */ = {isa = PBXBuildFile; fileRef = D6436F130E5EE0380018B508 /* WindowController.rb */; };
		D68AEF390E5F3D210015C34A /* HMBlkAppKit.framework in Copy Frameworks */ = {isa = PBXBuildFile; fileRef = D6E4F6E20E5F3CD70050ACB4 /* HMBlkAppKit.framework */; };
		D69616CE0E603AEA0011C2FA /* active_resource_instance_authentication in Resources */ = {isa = PBXBuildFile; fileRef = D69616C20E603AEA0011C2FA /* active_resource_instance_authentication */; };
		D69617170E603D3D0011C2FA /* EMKeychainItem.m in Sources */ = {isa = PBXBuildFile; fileRef = D69617130E603D3D0011C2FA /* EMKeychainItem.m */; };
		D69617190E603D3D0011C2FA /* EMKeychainProxy.m in Sources */ = {isa = PBXBuildFile; fileRef = D69617150E603D3D0011C2FA /* EMKeychainProxy.m */; };
		D696171C0E603DF00011C2FA /* ApplicationController.rb in Resources */ = {isa = PBXBuildFile; fileRef = D696171B0E603DF00011C2FA /* ApplicationController.rb */; };
		D69617620E603E9C0011C2FA /* Security.framework in Frameworks */ = {isa = PBXBuildFile; fileRef = D69617610E603E9C0011C2FA /* Security.framework */; };
		D69617640E603EAA0011C2FA /* Carbon.framework in Frameworks */ = {isa = PBXBuildFile; fileRef = D69617630E603EAA0011C2FA /* Carbon.framework */; };
		D696176D0E603FBE0011C2FA /* HoptoadInfoSheet.xib in Resources */ = {isa = PBXBuildFile; fileRef = D696176C0E603FBE0011C2FA /* HoptoadInfoSheet.xib */; };
		D69617730E60417D0011C2FA /* HoptoadInfoSheetController.rb in Resources */ = {isa = PBXBuildFile; fileRef = D696176B0E603F270011C2FA /* HoptoadInfoSheetController.rb */; };
		D69617A70E604B010011C2FA /* HoptoadInfo.rb in Resources */ = {isa = PBXBuildFile; fileRef = D69617A60E604B010011C2FA /* HoptoadInfo.rb */; };
		D6E4F6E30E5F3CD70050ACB4 /* HMBlkAppKit.framework in Frameworks */ = {isa = PBXBuildFile; fileRef = D6E4F6E20E5F3CD70050ACB4 /* HMBlkAppKit.framework */; };
/* End PBXBuildFile section */

/* Begin PBXCopyFilesBuildPhase section */
		D62BD9EE0E5E113D00119FB7 /* Copy Frameworks */ = {
			isa = PBXCopyFilesBuildPhase;
			buildActionMask = 2147483647;
			dstPath = "";
			dstSubfolderSpec = 10;
			files = (
				D68AEF390E5F3D210015C34A /* HMBlkAppKit.framework in Copy Frameworks */,
			);
			name = "Copy Frameworks";
			runOnlyForDeploymentPostprocessing = 0;
		};
/* End PBXCopyFilesBuildPhase section */

/* Begin PBXFileReference section */
		089C165DFE840E0CC02AAC07 /* English */ = {isa = PBXFileReference; fileEncoding = 10; lastKnownFileType = text.plist.strings; name = English; path = English.lproj/InfoPlist.strings; sourceTree = "<group>"; };
		1058C7A1FEA54F0111CA2CBB /* Cocoa.framework */ = {isa = PBXFileReference; lastKnownFileType = wrapper.framework; name = Cocoa.framework; path = /System/Library/Frameworks/Cocoa.framework; sourceTree = "<absolute>"; };
		29B97316FDCFA39411CA2CEA /* main.m */ = {isa = PBXFileReference; fileEncoding = 30; lastKnownFileType = sourcecode.c.objc; path = main.m; sourceTree = "<group>"; };
		29B97324FDCFA39411CA2CEA /* AppKit.framework */ = {isa = PBXFileReference; lastKnownFileType = wrapper.framework; name = AppKit.framework; path = /System/Library/Frameworks/AppKit.framework; sourceTree = "<absolute>"; };
		29B97325FDCFA39411CA2CEA /* Foundation.framework */ = {isa = PBXFileReference; lastKnownFileType = wrapper.framework; name = Foundation.framework; path = /System/Library/Frameworks/Foundation.framework; sourceTree = "<absolute>"; };
		4DDCA7110ACC9A6100E082CE /* Info.plist */ = {isa = PBXFileReference; lastKnownFileType = text.plist.xml; path = Info.plist; sourceTree = "<group>"; };
		4DDCA7120ACC9A6100E082CE /* Croak.app */ = {isa = PBXFileReference; explicitFileType = wrapper.application; includeInIndex = 0; path = Croak.app; sourceTree = BUILT_PRODUCTS_DIR; };
		D62812370E62DCAE00FBEDF4 /* NSSound+SoundList.h */ = {isa = PBXFileReference; fileEncoding = 4; lastKnownFileType = sourcecode.c.h; name = "NSSound+SoundList.h"; path = "3rdParty/NSSound+SoundList.h"; sourceTree = "<group>"; };
		D62812380E62DCAE00FBEDF4 /* NSSound+SoundList.m */ = {isa = PBXFileReference; fileEncoding = 4; lastKnownFileType = sourcecode.c.objc; name = "NSSound+SoundList.m"; path = "3rdParty/NSSound+SoundList.m"; sourceTree = "<group>"; };
		D62812530E63B7E600FBEDF4 /* Preferences.xib */ = {isa = PBXFileReference; lastKnownFileType = file.xib; name = Preferences.xib; path = Resources/Preferences.xib; sourceTree = "<group>"; };
		D62812570E63B91300FBEDF4 /* NSButton+TextColor.h */ = {isa = PBXFileReference; fileEncoding = 4; lastKnownFileType = sourcecode.c.h; name = "NSButton+TextColor.h"; path = "3rdParty/NSButton+TextColor.h"; sourceTree = "<group>"; };
		D62812580E63B91300FBEDF4 /* NSButton+TextColor.m */ = {isa = PBXFileReference; fileEncoding = 4; lastKnownFileType = sourcecode.c.objc; name = "NSButton+TextColor.m"; path = "3rdParty/NSButton+TextColor.m"; sourceTree = "<group>"; };
		D628125B0E63B95400FBEDF4 /* PreferencesController.rb */ = {isa = PBXFileReference; fileEncoding = 4; lastKnownFileType = text.script.ruby; name = PreferencesController.rb; path = controllers/PreferencesController.rb; sourceTree = "<group>"; };
		D62BD9670E5D9CAB00119FB7 /* English */ = {isa = PBXFileReference; lastKnownFileType = file.xib; name = English; path = English.lproj/MainMenu.xib; sourceTree = "<group>"; };
		D62BDA450E5E173200119FB7 /* CroakController.rb */ = {isa = PBXFileReference; fileEncoding = 4; lastKnownFileType = text.script.ruby; name = CroakController.rb; path = controllers/CroakController.rb; sourceTree = "<group>"; };
		D62BDAB80E5E1B8800119FB7 /* CroakCell.rb */ = {isa = PBXFileReference; fileEncoding = 4; lastKnownFileType = text.script.ruby; name = CroakCell.rb; path = views/CroakCell.rb; sourceTree = "<group>"; };
		D62BDB760E5E32DB00119FB7 /* Error.rb */ = {isa = PBXFileReference; fileEncoding = 4; lastKnownFileType = text.script.ruby; name = Error.rb; path = Models/Error.rb; sourceTree = "<group>"; };
		D6436F000E5E5F4D0018B508 /* green_frog.gif */ = {isa = PBXFileReference; lastKnownFileType = image.gif; name = green_frog.gif; path = Resources/green_frog.gif; sourceTree = "<group>"; };
		D6436F010E5E5F4D0018B508 /* grey_frog.gif */ = {isa = PBXFileReference; lastKnownFileType = image.gif; name = grey_frog.gif; path = Resources/grey_frog.gif; sourceTree = "<group>"; };
		D6436F130E5EE0380018B508 /* WindowController.rb */ = {isa = PBXFileReference; fileEncoding = 4; lastKnownFileType = text.script.ruby; name = WindowController.rb; path = controllers/WindowController.rb; sourceTree = "<group>"; };
		D69616C20E603AEA0011C2FA /* active_resource_instance_authentication */ = {isa = PBXFileReference; lastKnownFileType = folder; name = active_resource_instance_authentication; path = 3rdParty/active_resource_instance_authentication; sourceTree = "<group>"; };
		D69617120E603D3D0011C2FA /* EMKeychainItem.h */ = {isa = PBXFileReference; fileEncoding = 4; lastKnownFileType = sourcecode.c.h; name = EMKeychainItem.h; path = 3rdParty/EMKeychainItem.h; sourceTree = "<group>"; };
		D69617130E603D3D0011C2FA /* EMKeychainItem.m */ = {isa = PBXFileReference; fileEncoding = 4; lastKnownFileType = sourcecode.c.objc; name = EMKeychainItem.m; path = 3rdParty/EMKeychainItem.m; sourceTree = "<group>"; };
		D69617140E603D3D0011C2FA /* EMKeychainProxy.h */ = {isa = PBXFileReference; fileEncoding = 4; lastKnownFileType = sourcecode.c.h; name = EMKeychainProxy.h; path = 3rdParty/EMKeychainProxy.h; sourceTree = "<group>"; };
		D69617150E603D3D0011C2FA /* EMKeychainProxy.m */ = {isa = PBXFileReference; fileEncoding = 4; lastKnownFileType = sourcecode.c.objc; name = EMKeychainProxy.m; path = 3rdParty/EMKeychainProxy.m; sourceTree = "<group>"; };
		D696171B0E603DF00011C2FA /* ApplicationController.rb */ = {isa = PBXFileReference; fileEncoding = 4; lastKnownFileType = text.script.ruby; name = ApplicationController.rb; path = controllers/ApplicationController.rb; sourceTree = "<group>"; };
		D69617610E603E9C0011C2FA /* Security.framework */ = {isa = PBXFileReference; lastKnownFileType = wrapper.framework; name = Security.framework; path = System/Library/Frameworks/Security.framework; sourceTree = SDKROOT; };
		D69617630E603EAA0011C2FA /* Carbon.framework */ = {isa = PBXFileReference; lastKnownFileType = wrapper.framework; name = Carbon.framework; path = System/Library/Frameworks/Carbon.framework; sourceTree = SDKROOT; };
		D696176B0E603F270011C2FA /* HoptoadInfoSheetController.rb */ = {isa = PBXFileReference; fileEncoding = 4; lastKnownFileType = text.script.ruby; name = HoptoadInfoSheetController.rb; path = controllers/HoptoadInfoSheetController.rb; sourceTree = "<group>"; };
		D696176C0E603FBE0011C2FA /* HoptoadInfoSheet.xib */ = {isa = PBXFileReference; lastKnownFileType = file.xib; name = HoptoadInfoSheet.xib; path = Resources/HoptoadInfoSheet.xib; sourceTree = "<group>"; };
		D69617A60E604B010011C2FA /* HoptoadInfo.rb */ = {isa = PBXFileReference; fileEncoding = 4; lastKnownFileType = text.script.ruby; name = HoptoadInfo.rb; path = models/HoptoadInfo.rb; sourceTree = "<group>"; };
		D6E4F6E20E5F3CD70050ACB4 /* HMBlkAppKit.framework */ = {isa = PBXFileReference; lastKnownFileType = wrapper.framework; name = HMBlkAppKit.framework; path = 3rdParty/HMBlkAppKit.framework; sourceTree = "<group>"; };
		E8F5E24E03AEB6EC03A81C6F /* RubyCocoa.framework */ = {isa = PBXFileReference; lastKnownFileType = wrapper.framework; name = RubyCocoa.framework; path = /System/Library/Frameworks/RubyCocoa.framework; sourceTree = "<absolute>"; };
		E8F5E25803AEB7C803A81C6F /* rb_main.rb */ = {isa = PBXFileReference; lastKnownFileType = text.script.ruby; path = rb_main.rb; sourceTree = "<group>"; };
/* End PBXFileReference section */

/* Begin PBXFrameworksBuildPhase section */
		4DDCA70B0ACC9A6100E082CE /* Frameworks */ = {
			isa = PBXFrameworksBuildPhase;
			buildActionMask = 2147483647;
			files = (
				4DDCA70C0ACC9A6100E082CE /* Cocoa.framework in Frameworks */,
				4DDCA70D0ACC9A6100E082CE /* RubyCocoa.framework in Frameworks */,
				D6E4F6E30E5F3CD70050ACB4 /* HMBlkAppKit.framework in Frameworks */,
				D69617620E603E9C0011C2FA /* Security.framework in Frameworks */,
				D69617640E603EAA0011C2FA /* Carbon.framework in Frameworks */,
			);
			runOnlyForDeploymentPostprocessing = 0;
		};
/* End PBXFrameworksBuildPhase section */

/* Begin PBXGroup section */
		080E96DDFE201D6D7F000001 /* Classes */ = {
			isa = PBXGroup;
			children = (
				D62BDB750E5E328600119FB7 /* Models */,
				D62BDAB70E5E1B5D00119FB7 /* Controllers */,
				D62BDAB60E5E1B5400119FB7 /* Views */,
			);
			name = Classes;
			sourceTree = "<group>";
		};
		1058C7A0FEA54F0111CA2CBB /* Linked Frameworks */ = {
			isa = PBXGroup;
			children = (
				D69617630E603EAA0011C2FA /* Carbon.framework */,
				D69617610E603E9C0011C2FA /* Security.framework */,
				1058C7A1FEA54F0111CA2CBB /* Cocoa.framework */,
				E8F5E24E03AEB6EC03A81C6F /* RubyCocoa.framework */,
			);
			name = "Linked Frameworks";
			sourceTree = "<group>";
		};
		1058C7A2FEA54F0111CA2CBB /* Other Frameworks */ = {
			isa = PBXGroup;
			children = (
				D6E4F6E20E5F3CD70050ACB4 /* HMBlkAppKit.framework */,
				29B97325FDCFA39411CA2CEA /* Foundation.framework */,
				29B97324FDCFA39411CA2CEA /* AppKit.framework */,
			);
			name = "Other Frameworks";
			sourceTree = "<group>";
		};
		19C28FACFE9D520D11CA2CBB /* Products */ = {
			isa = PBXGroup;
			children = (
				4DDCA7120ACC9A6100E082CE /* Croak.app */,
			);
			name = Products;
			sourceTree = "<group>";
		};
		29B97314FDCFA39411CA2CEA /* Croak */ = {
			isa = PBXGroup;
			children = (
				D62BDA880E5E19E800119FB7 /* 3rdParty */,
				080E96DDFE201D6D7F000001 /* Classes */,
				29B97315FDCFA39411CA2CEA /* Other Sources */,
				29B97317FDCFA39411CA2CEA /* Resources */,
				29B97323FDCFA39411CA2CEA /* Frameworks */,
				19C28FACFE9D520D11CA2CBB /* Products */,
				4DDCA7110ACC9A6100E082CE /* Info.plist */,
			);
			name = Croak;
			sourceTree = "<group>";
		};
		29B97315FDCFA39411CA2CEA /* Other Sources */ = {
			isa = PBXGroup;
			children = (
				29B97316FDCFA39411CA2CEA /* main.m */,
				E8F5E25803AEB7C803A81C6F /* rb_main.rb */,
			);
			name = "Other Sources";
			sourceTree = "<group>";
		};
		29B97317FDCFA39411CA2CEA /* Resources */ = {
			isa = PBXGroup;
			children = (
				D6436F000E5E5F4D0018B508 /* green_frog.gif */,
				D6436F010E5E5F4D0018B508 /* grey_frog.gif */,
				D62BD9660E5D9CAB00119FB7 /* MainMenu.xib */,
				089C165CFE840E0CC02AAC07 /* InfoPlist.strings */,
				D696176C0E603FBE0011C2FA /* HoptoadInfoSheet.xib */,
				D62812530E63B7E600FBEDF4 /* Preferences.xib */,
			);
			name = Resources;
			sourceTree = "<group>";
		};
		29B97323FDCFA39411CA2CEA /* Frameworks */ = {
			isa = PBXGroup;
			children = (
				1058C7A0FEA54F0111CA2CBB /* Linked Frameworks */,
				1058C7A2FEA54F0111CA2CBB /* Other Frameworks */,
			);
			name = Frameworks;
			sourceTree = "<group>";
		};
		D62BDA880E5E19E800119FB7 /* 3rdParty */ = {
			isa = PBXGroup;
			children = (
				D62812370E62DCAE00FBEDF4 /* NSSound+SoundList.h */,
				D62812380E62DCAE00FBEDF4 /* NSSound+SoundList.m */,
				D69617120E603D3D0011C2FA /* EMKeychainItem.h */,
				D69617130E603D3D0011C2FA /* EMKeychainItem.m */,
				D69617140E603D3D0011C2FA /* EMKeychainProxy.h */,
				D69617150E603D3D0011C2FA /* EMKeychainProxy.m */,
				D69616C20E603AEA0011C2FA /* active_resource_instance_authentication */,
				D62812570E63B91300FBEDF4 /* NSButton+TextColor.h */,
				D62812580E63B91300FBEDF4 /* NSButton+TextColor.m */,
			);
			name = 3rdParty;
			sourceTree = "<group>";
		};
		D62BDAB60E5E1B5400119FB7 /* Views */ = {
			isa = PBXGroup;
			children = (
				D62BDAB80E5E1B8800119FB7 /* CroakCell.rb */,
			);
			name = Views;
			sourceTree = "<group>";
		};
		D62BDAB70E5E1B5D00119FB7 /* Controllers */ = {
			isa = PBXGroup;
			children = (
				D696171B0E603DF00011C2FA /* ApplicationController.rb */,
				D62BDA450E5E173200119FB7 /* CroakController.rb */,
				D6436F130E5EE0380018B508 /* WindowController.rb */,
				D696176B0E603F270011C2FA /* HoptoadInfoSheetController.rb */,
				D628125B0E63B95400FBEDF4 /* PreferencesController.rb */,
			);
			name = Controllers;
			sourceTree = "<group>";
		};
		D62BDB750E5E328600119FB7 /* Models */ = {
			isa = PBXGroup;
			children = (
				D69617A60E604B010011C2FA /* HoptoadInfo.rb */,
				D62BDB760E5E32DB00119FB7 /* Error.rb */,
			);
			name = Models;
			sourceTree = "<group>";
		};
/* End PBXGroup section */

/* Begin PBXHeadersBuildPhase section */
		4DDCA7040ACC9A6100E082CE /* Headers */ = {
			isa = PBXHeadersBuildPhase;
			buildActionMask = 2147483647;
			files = (
			);
			runOnlyForDeploymentPostprocessing = 0;
		};
/* End PBXHeadersBuildPhase section */

/* Begin PBXNativeTarget section */
		4DDCA7030ACC9A6100E082CE /* Croak */ = {
			isa = PBXNativeTarget;
			buildConfigurationList = 4DDCA70E0ACC9A6100E082CE /* Build configuration list for PBXNativeTarget "Croak" */;
			buildPhases = (
				4DDCA7040ACC9A6100E082CE /* Headers */,
				4DDCA7050ACC9A6100E082CE /* Resources */,
				4DDCA7090ACC9A6100E082CE /* Sources */,
				4DDCA70B0ACC9A6100E082CE /* Frameworks */,
				D62BD9EE0E5E113D00119FB7 /* Copy Frameworks */,
			);
			buildRules = (
			);
			dependencies = (
			);
			name = Croak;
			productInstallPath = "$(HOME)/Applications";
			productName = Croak;
			productReference = 4DDCA7120ACC9A6100E082CE /* Croak.app */;
			productType = "com.apple.product-type.application";
		};
/* End PBXNativeTarget section */

/* Begin PBXProject section */
		29B97313FDCFA39411CA2CEA /* Project object */ = {
			isa = PBXProject;
			buildConfigurationList = 4D7A7B570ABF745500C2D4C0 /* Build configuration list for PBXProject "Croak" */;
			compatibilityVersion = "Xcode 3.0";
			hasScannedForEncodings = 0;
			mainGroup = 29B97314FDCFA39411CA2CEA /* Croak */;
			projectDirPath = "";
			projectRoot = "";
			targets = (
				4DDCA7030ACC9A6100E082CE /* Croak */,
			);
		};
/* End PBXProject section */

/* Begin PBXResourcesBuildPhase section */
		4DDCA7050ACC9A6100E082CE /* Resources */ = {
			isa = PBXResourcesBuildPhase;
			buildActionMask = 2147483647;
			files = (
				D69617A70E604B010011C2FA /* HoptoadInfo.rb in Resources */,
				D69617730E60417D0011C2FA /* HoptoadInfoSheetController.rb in Resources */,
				D69616CE0E603AEA0011C2FA /* active_resource_instance_authentication in Resources */,
				4DDCA7070ACC9A6100E082CE /* InfoPlist.strings in Resources */,
				4DDCA7080ACC9A6100E082CE /* rb_main.rb in Resources */,
				D62BD9680E5D9CAB00119FB7 /* MainMenu.xib in Resources */,
				D62BDA460E5E173200119FB7 /* CroakController.rb in Resources */,
				D62BDAB90E5E1B8800119FB7 /* CroakCell.rb in Resources */,
				D62BDB770E5E32DB00119FB7 /* Error.rb in Resources */,
				D6436F020E5E5F4D0018B508 /* green_frog.gif in Resources */,
				D6436F030E5E5F4D0018B508 /* grey_frog.gif in Resources */,
				D6436F140E5EE0380018B508 /* WindowController.rb in Resources */,
				D696171C0E603DF00011C2FA /* ApplicationController.rb in Resources */,
				D696176D0E603FBE0011C2FA /* HoptoadInfoSheet.xib in Resources */,
				D62812540E63B7E600FBEDF4 /* Preferences.xib in Resources */,
				D628125C0E63B95400FBEDF4 /* PreferencesController.rb in Resources */,
			);
			runOnlyForDeploymentPostprocessing = 0;
		};
/* End PBXResourcesBuildPhase section */

/* Begin PBXSourcesBuildPhase section */
		4DDCA7090ACC9A6100E082CE /* Sources */ = {
			isa = PBXSourcesBuildPhase;
			buildActionMask = 2147483647;
			files = (
				4DDCA70A0ACC9A6100E082CE /* main.m in Sources */,
				D69617170E603D3D0011C2FA /* EMKeychainItem.m in Sources */,
				D69617190E603D3D0011C2FA /* EMKeychainProxy.m in Sources */,
				D628123A0E62DCAE00FBEDF4 /* NSSound+SoundList.m in Sources */,
				D628125A0E63B91300FBEDF4 /* NSButton+TextColor.m in Sources */,
			);
			runOnlyForDeploymentPostprocessing = 0;
		};
/* End PBXSourcesBuildPhase section */

/* Begin PBXVariantGroup section */
		089C165CFE840E0CC02AAC07 /* InfoPlist.strings */ = {
			isa = PBXVariantGroup;
			children = (
				089C165DFE840E0CC02AAC07 /* English */,
			);
			name = InfoPlist.strings;
			sourceTree = "<group>";
		};
		D62BD9660E5D9CAB00119FB7 /* MainMenu.xib */ = {
			isa = PBXVariantGroup;
			children = (
				D62BD9670E5D9CAB00119FB7 /* English */,
			);
			name = MainMenu.xib;
			sourceTree = "<group>";
		};
/* End PBXVariantGroup section */

/* Begin XCBuildConfiguration section */
		4D7A7B580ABF745500C2D4C0 /* Debug */ = {
			isa = XCBuildConfiguration;
			buildSettings = {
				GCC_WARN_ABOUT_RETURN_TYPE = YES;
				GCC_WARN_UNUSED_VARIABLE = YES;
				PREBINDING = NO;
				SDKROOT = "$(DEVELOPER_SDK_DIR)/MacOSX10.5.sdk";
			};
			name = Debug;
		};
		4D7A7B590ABF745500C2D4C0 /* Release */ = {
			isa = XCBuildConfiguration;
			buildSettings = {
				ARCHS = (
					ppc,
					i386,
				);
				DEBUG_INFORMATION_FORMAT = "dwarf-with-dsym";
				GCC_WARN_ABOUT_RETURN_TYPE = YES;
				GCC_WARN_UNUSED_VARIABLE = YES;
				PREBINDING = NO;
				SDKROOT = "$(DEVELOPER_SDK_DIR)/MacOSX10.5.sdk";
			};
			name = Release;
		};
		4DDCA70F0ACC9A6100E082CE /* Debug */ = {
			isa = XCBuildConfiguration;
			buildSettings = {
				COPY_PHASE_STRIP = NO;
				FRAMEWORK_SEARCH_PATHS = (
					"$(inherited)",
					"\"$(SRCROOT)\"",
					"\"$(SRCROOT)/3rdParty\"",
				);
				GCC_DYNAMIC_NO_PIC = NO;
				GCC_ENABLE_FIX_AND_CONTINUE = YES;
				GCC_MODEL_TUNING = G5;
				GCC_OPTIMIZATION_LEVEL = 0;
				INFOPLIST_FILE = Info.plist;
				INSTALL_PATH = "$(HOME)/Applications";
				PRODUCT_NAME = Croak;
				WRAPPER_EXTENSION = app;
				ZERO_LINK = YES;
			};
			name = Debug;
		};
		4DDCA7100ACC9A6100E082CE /* Release */ = {
			isa = XCBuildConfiguration;
			buildSettings = {
				ARCHS = (
					ppc,
					i386,
				);
				FRAMEWORK_SEARCH_PATHS = (
					"$(inherited)",
					"\"$(SRCROOT)\"",
					"\"$(SRCROOT)/3rdParty\"",
				);
				GCC_MODEL_TUNING = G5;
				INFOPLIST_FILE = Info.plist;
				INSTALL_PATH = "$(HOME)/Applications";
				PRODUCT_NAME = Croak;
				WRAPPER_EXTENSION = app;
			};
			name = Release;
		};
/* End XCBuildConfiguration section */

/* Begin XCConfigurationList section */
		4D7A7B570ABF745500C2D4C0 /* Build configuration list for PBXProject "Croak" */ = {
			isa = XCConfigurationList;
			buildConfigurations = (
				4D7A7B580ABF745500C2D4C0 /* Debug */,
				4D7A7B590ABF745500C2D4C0 /* Release */,
			);
			defaultConfigurationIsVisible = 0;
			defaultConfigurationName = Release;
		};
		4DDCA70E0ACC9A6100E082CE /* Build configuration list for PBXNativeTarget "Croak" */ = {
			isa = XCConfigurationList;
			buildConfigurations = (
				4DDCA70F0ACC9A6100E082CE /* Debug */,
				4DDCA7100ACC9A6100E082CE /* Release */,
			);
			defaultConfigurationIsVisible = 0;
			defaultConfigurationName = Release;
		};
/* End XCConfigurationList section */
	};
	rootObject = 29B97313FDCFA39411CA2CEA /* Project object */;
}
