// !$*UTF8*$!
{
	archiveVersion = 1;
	classes = {
	};
	objectVersion = 44;
	objects = {

/* Begin PBXBuildFile section */
		4DDCA7070ACC9A6100E082CE /* InfoPlist.strings in Resources */ = {isa = PBXBuildFile; fileRef = 089C165CFE840E0CC02AAC07 /* InfoPlist.strings */; };
		4DDCA7080ACC9A6100E082CE /* rb_main.rb in Resources */ = {isa = PBXBuildFile; fileRef = E8F5E25803AEB7C803A81C6F /* rb_main.rb */; };
		4DDCA70A0ACC9A6100E082CE /* main.m in Sources */ = {isa = PBXBuildFile; fileRef = 29B97316FDCFA39411CA2CEA /* main.m */; settings = {ATTRIBUTES = (); }; };
		4DDCA70C0ACC9A6100E082CE /* Cocoa.framework in Frameworks */ = {isa = PBXBuildFile; fileRef = 1058C7A1FEA54F0111CA2CBB /* Cocoa.framework */; };
		4DDCA70D0ACC9A6100E082CE /* RubyCocoa.framework in Frameworks */ = {isa = PBXBuildFile; fileRef = E8F5E24E03AEB6EC03A81C6F /* RubyCocoa.framework */; };
		D62BD9680E5D9CAB00119FB7 /* MainMenu.xib in Resources */ = {isa = PBXBuildFile; fileRef = D62BD9660E5D9CAB00119FB7 /* MainMenu.xib */; };
		D62BD9B60E5E0D1E00119FB7 /* HMBlkAppKit.framework in Frameworks */ = {isa = PBXBuildFile; fileRef = D62BD9B50E5E0D1E00119FB7 /* HMBlkAppKit.framework */; };
		D62BD9E50E5E113500119FB7 /* HMBlkAppKit.framework in Copy Frameworks */ = {isa = PBXBuildFile; fileRef = D62BD9B50E5E0D1E00119FB7 /* HMBlkAppKit.framework */; };
		D62BDA460E5E173200119FB7 /* CroakController.rb in Resources */ = {isa = PBXBuildFile; fileRef = D62BDA450E5E173200119FB7 /* CroakController.rb */; };
		D62BDAB90E5E1B8800119FB7 /* CroakCell.rb in Resources */ = {isa = PBXBuildFile; fileRef = D62BDAB80E5E1B8800119FB7 /* CroakCell.rb */; };
		D62BDB770E5E32DB00119FB7 /* Error.rb in Resources */ = {isa = PBXBuildFile; fileRef = D62BDB760E5E32DB00119FB7 /* Error.rb */; };
		D6436F020E5E5F4D0018B508 /* green_frog.gif in Resources */ = {isa = PBXBuildFile; fileRef = D6436F000E5E5F4D0018B508 /* green_frog.gif */; };
		D6436F030E5E5F4D0018B508 /* grey_frog.gif in Resources */ = {isa = PBXBuildFile; fileRef = D6436F010E5E5F4D0018B508 /* grey_frog.gif */; };
		D6436F140E5EE0380018B508 /* WindowController.rb in Resources */ = {isa = PBXBuildFile; fileRef = D6436F130E5EE0380018B508 /* WindowController.rb */; };
/* End PBXBuildFile section */

/* Begin PBXCopyFilesBuildPhase section */
		D62BD9EE0E5E113D00119FB7 /* Copy Frameworks */ = {
			isa = PBXCopyFilesBuildPhase;
			buildActionMask = 2147483647;
			dstPath = "";
			dstSubfolderSpec = 10;
			files = (
				D62BD9E50E5E113500119FB7 /* HMBlkAppKit.framework in Copy Frameworks */,
			);
			name = "Copy Frameworks";
			runOnlyForDeploymentPostprocessing = 0;
		};
/* End PBXCopyFilesBuildPhase section */

/* Begin PBXFileReference section */
		089C165DFE840E0CC02AAC07 /* English */ = {isa = PBXFileReference; fileEncoding = 10; lastKnownFileType = text.plist.strings; name = English; path = English.lproj/InfoPlist.strings; sourceTree = "<group>"; };
		1058C7A1FEA54F0111CA2CBB /* Cocoa.framework */ = {isa = PBXFileReference; lastKnownFileType = wrapper.framework; name = Cocoa.framework; path = /System/Library/Frameworks/Cocoa.framework; sourceTree = "<absolute>"; };
		29B97316FDCFA39411CA2CEA /* main.m */ = {isa = PBXFileReference; fileEncoding = 30; lastKnownFileType = sourcecode.c.objc; path = main.m; sourceTree = "<group>"; };
		29B97324FDCFA39411CA2CEA /* AppKit.framework */ = {isa = PBXFileReference; lastKnownFileType = wrapper.framework; name = AppKit.framework; path = /System/Library/Frameworks/AppKit.framework; sourceTree = "<absolute>"; };
		29B97325FDCFA39411CA2CEA /* Foundation.framework */ = {isa = PBXFileReference; lastKnownFileType = wrapper.framework; name = Foundation.framework; path = /System/Library/Frameworks/Foundation.framework; sourceTree = "<absolute>"; };
		4DDCA7110ACC9A6100E082CE /* Info.plist */ = {isa = PBXFileReference; lastKnownFileType = text.plist.xml; path = Info.plist; sourceTree = "<group>"; };
		4DDCA7120ACC9A6100E082CE /* Croak.app */ = {isa = PBXFileReference; explicitFileType = wrapper.application; includeInIndex = 0; path = Croak.app; sourceTree = BUILT_PRODUCTS_DIR; };
		D62BD9670E5D9CAB00119FB7 /* English */ = {isa = PBXFileReference; lastKnownFileType = file.xib; name = English; path = English.lproj/MainMenu.xib; sourceTree = "<group>"; };
		D62BD9B50E5E0D1E00119FB7 /* HMBlkAppKit.framework */ = {isa = PBXFileReference; lastKnownFileType = wrapper.framework; name = HMBlkAppKit.framework; path = 3rdParty/HMBlkAppKit.framework; sourceTree = "<group>"; };
		D62BDA450E5E173200119FB7 /* CroakController.rb */ = {isa = PBXFileReference; fileEncoding = 4; lastKnownFileType = text.script.ruby; name = CroakController.rb; path = controllers/CroakController.rb; sourceTree = "<group>"; };
		D62BDAB80E5E1B8800119FB7 /* CroakCell.rb */ = {isa = PBXFileReference; fileEncoding = 4; lastKnownFileType = text.script.ruby; name = CroakCell.rb; path = views/CroakCell.rb; sourceTree = "<group>"; };
		D62BDB760E5E32DB00119FB7 /* Error.rb */ = {isa = PBXFileReference; fileEncoding = 4; lastKnownFileType = text.script.ruby; name = Error.rb; path = Models/Error.rb; sourceTree = "<group>"; };
		D6436F000E5E5F4D0018B508 /* green_frog.gif */ = {isa = PBXFileReference; lastKnownFileType = image.gif; name = green_frog.gif; path = Resources/green_frog.gif; sourceTree = "<group>"; };
		D6436F010E5E5F4D0018B508 /* grey_frog.gif */ = {isa = PBXFileReference; lastKnownFileType = image.gif; name = grey_frog.gif; path = Resources/grey_frog.gif; sourceTree = "<group>"; };
		D6436F130E5EE0380018B508 /* WindowController.rb */ = {isa = PBXFileReference; fileEncoding = 4; lastKnownFileType = text.script.ruby; name = WindowController.rb; path = controllers/WindowController.rb; sourceTree = "<group>"; };
		E8F5E24E03AEB6EC03A81C6F /* RubyCocoa.framework */ = {isa = PBXFileReference; lastKnownFileType = wrapper.framework; name = RubyCocoa.framework; path = /System/Library/Frameworks/RubyCocoa.framework; sourceTree = "<absolute>"; };
		E8F5E25803AEB7C803A81C6F /* rb_main.rb */ = {isa = PBXFileReference; lastKnownFileType = text.script.ruby; path = rb_main.rb; sourceTree = "<group>"; };
/* End PBXFileReference section */

/* Begin PBXFrameworksBuildPhase section */
		4DDCA70B0ACC9A6100E082CE /* Frameworks */ = {
			isa = PBXFrameworksBuildPhase;
			buildActionMask = 2147483647;
			files = (
				4DDCA70C0ACC9A6100E082CE /* Cocoa.framework in Frameworks */,
				4DDCA70D0ACC9A6100E082CE /* RubyCocoa.framework in Frameworks */,
				D62BD9B60E5E0D1E00119FB7 /* HMBlkAppKit.framework in Frameworks */,
			);
			runOnlyForDeploymentPostprocessing = 0;
		};
/* End PBXFrameworksBuildPhase section */

/* Begin PBXGroup section */
		080E96DDFE201D6D7F000001 /* Classes */ = {
			isa = PBXGroup;
			children = (
				D62BDB750E5E328600119FB7 /* Models */,
				D62BDAB70E5E1B5D00119FB7 /* Controllers */,
				D62BDAB60E5E1B5400119FB7 /* Views */,
			);
			name = Classes;
			sourceTree = "<group>";
		};
		1058C7A0FEA54F0111CA2CBB /* Linked Frameworks */ = {
			isa = PBXGroup;
			children = (
				1058C7A1FEA54F0111CA2CBB /* Cocoa.framework */,
				E8F5E24E03AEB6EC03A81C6F /* RubyCocoa.framework */,
			);
			name = "Linked Frameworks";
			sourceTree = "<group>";
		};
		1058C7A2FEA54F0111CA2CBB /* Other Frameworks */ = {
			isa = PBXGroup;
			children = (
				D62BD9B50E5E0D1E00119FB7 /* HMBlkAppKit.framework */,
				29B97325FDCFA39411CA2CEA /* Foundation.framework */,
				29B97324FDCFA39411CA2CEA /* AppKit.framework */,
			);
			name = "Other Frameworks";
			sourceTree = "<group>";
		};
		19C28FACFE9D520D11CA2CBB /* Products */ = {
			isa = PBXGroup;
			children = (
				4DDCA7120ACC9A6100E082CE /* Croak.app */,
			);
			name = Products;
			sourceTree = "<group>";
		};
		29B97314FDCFA39411CA2CEA /* Croak */ = {
			isa = PBXGroup;
			children = (
				D62BDA880E5E19E800119FB7 /* 3rdParty */,
				080E96DDFE201D6D7F000001 /* Classes */,
				29B97315FDCFA39411CA2CEA /* Other Sources */,
				29B97317FDCFA39411CA2CEA /* Resources */,
				29B97323FDCFA39411CA2CEA /* Frameworks */,
				19C28FACFE9D520D11CA2CBB /* Products */,
				4DDCA7110ACC9A6100E082CE /* Info.plist */,
			);
			name = Croak;
			sourceTree = "<group>";
		};
		29B97315FDCFA39411CA2CEA /* Other Sources */ = {
			isa = PBXGroup;
			children = (
				29B97316FDCFA39411CA2CEA /* main.m */,
				E8F5E25803AEB7C803A81C6F /* rb_main.rb */,
			);
			name = "Other Sources";
			sourceTree = "<group>";
		};
		29B97317FDCFA39411CA2CEA /* Resources */ = {
			isa = PBXGroup;
			children = (
				D6436F000E5E5F4D0018B508 /* green_frog.gif */,
				D6436F010E5E5F4D0018B508 /* grey_frog.gif */,
				D62BD9660E5D9CAB00119FB7 /* MainMenu.xib */,
				089C165CFE840E0CC02AAC07 /* InfoPlist.strings */,
			);
			name = Resources;
			sourceTree = "<group>";
		};
		29B97323FDCFA39411CA2CEA /* Frameworks */ = {
			isa = PBXGroup;
			children = (
				1058C7A0FEA54F0111CA2CBB /* Linked Frameworks */,
				1058C7A2FEA54F0111CA2CBB /* Other Frameworks */,
			);
			name = Frameworks;
			sourceTree = "<group>";
		};
		D62BDA880E5E19E800119FB7 /* 3rdParty */ = {
			isa = PBXGroup;
			children = (
			);
			name = 3rdParty;
			sourceTree = "<group>";
		};
		D62BDAB60E5E1B5400119FB7 /* Views */ = {
			isa = PBXGroup;
			children = (
				D62BDAB80E5E1B8800119FB7 /* CroakCell.rb */,
			);
			name = Views;
			sourceTree = "<group>";
		};
		D62BDAB70E5E1B5D00119FB7 /* Controllers */ = {
			isa = PBXGroup;
			children = (
				D62BDA450E5E173200119FB7 /* CroakController.rb */,
				D6436F130E5EE0380018B508 /* WindowController.rb */,
			);
			name = Controllers;
			sourceTree = "<group>";
		};
		D62BDB750E5E328600119FB7 /* Models */ = {
			isa = PBXGroup;
			children = (
				D62BDB760E5E32DB00119FB7 /* Error.rb */,
			);
			name = Models;
			sourceTree = "<group>";
		};
/* End PBXGroup section */

/* Begin PBXHeadersBuildPhase section */
		4DDCA7040ACC9A6100E082CE /* Headers */ = {
			isa = PBXHeadersBuildPhase;
			buildActionMask = 2147483647;
			files = (
			);
			runOnlyForDeploymentPostprocessing = 0;
		};
/* End PBXHeadersBuildPhase section */

/* Begin PBXNativeTarget section */
		4DDCA7030ACC9A6100E082CE /* Croak */ = {
			isa = PBXNativeTarget;
			buildConfigurationList = 4DDCA70E0ACC9A6100E082CE /* Build configuration list for PBXNativeTarget "Croak" */;
			buildPhases = (
				4DDCA7040ACC9A6100E082CE /* Headers */,
				4DDCA7050ACC9A6100E082CE /* Resources */,
				4DDCA7090ACC9A6100E082CE /* Sources */,
				4DDCA70B0ACC9A6100E082CE /* Frameworks */,
				D62BD9EE0E5E113D00119FB7 /* Copy Frameworks */,
			);
			buildRules = (
			);
			dependencies = (
			);
			name = Croak;
			productInstallPath = "$(HOME)/Applications";
			productName = Croak;
			productReference = 4DDCA7120ACC9A6100E082CE /* Croak.app */;
			productType = "com.apple.product-type.application";
		};
/* End PBXNativeTarget section */

/* Begin PBXProject section */
		29B97313FDCFA39411CA2CEA /* Project object */ = {
			isa = PBXProject;
			buildConfigurationList = 4D7A7B570ABF745500C2D4C0 /* Build configuration list for PBXProject "Croak" */;
			compatibilityVersion = "Xcode 3.0";
			hasScannedForEncodings = 0;
			mainGroup = 29B97314FDCFA39411CA2CEA /* Croak */;
			projectDirPath = "";
			projectRoot = "";
			targets = (
				4DDCA7030ACC9A6100E082CE /* Croak */,
			);
		};
/* End PBXProject section */

/* Begin PBXResourcesBuildPhase section */
		4DDCA7050ACC9A6100E082CE /* Resources */ = {
			isa = PBXResourcesBuildPhase;
			buildActionMask = 2147483647;
			files = (
				4DDCA7070ACC9A6100E082CE /* InfoPlist.strings in Resources */,
				4DDCA7080ACC9A6100E082CE /* rb_main.rb in Resources */,
				D62BD9680E5D9CAB00119FB7 /* MainMenu.xib in Resources */,
				D62BDA460E5E173200119FB7 /* CroakController.rb in Resources */,
				D62BDAB90E5E1B8800119FB7 /* CroakCell.rb in Resources */,
				D62BDB770E5E32DB00119FB7 /* Error.rb in Resources */,
				D6436F020E5E5F4D0018B508 /* green_frog.gif in Resources */,
				D6436F030E5E5F4D0018B508 /* grey_frog.gif in Resources */,
				D6436F140E5EE0380018B508 /* WindowController.rb in Resources */,
			);
			runOnlyForDeploymentPostprocessing = 0;
		};
/* End PBXResourcesBuildPhase section */

/* Begin PBXSourcesBuildPhase section */
		4DDCA7090ACC9A6100E082CE /* Sources */ = {
			isa = PBXSourcesBuildPhase;
			buildActionMask = 2147483647;
			files = (
				4DDCA70A0ACC9A6100E082CE /* main.m in Sources */,
			);
			runOnlyForDeploymentPostprocessing = 0;
		};
/* End PBXSourcesBuildPhase section */

/* Begin PBXVariantGroup section */
		089C165CFE840E0CC02AAC07 /* InfoPlist.strings */ = {
			isa = PBXVariantGroup;
			children = (
				089C165DFE840E0CC02AAC07 /* English */,
			);
			name = InfoPlist.strings;
			sourceTree = "<group>";
		};
		D62BD9660E5D9CAB00119FB7 /* MainMenu.xib */ = {
			isa = PBXVariantGroup;
			children = (
				D62BD9670E5D9CAB00119FB7 /* English */,
			);
			name = MainMenu.xib;
			sourceTree = "<group>";
		};
/* End PBXVariantGroup section */

/* Begin XCBuildConfiguration section */
		4D7A7B580ABF745500C2D4C0 /* Debug */ = {
			isa = XCBuildConfiguration;
			buildSettings = {
				GCC_WARN_ABOUT_RETURN_TYPE = YES;
				GCC_WARN_UNUSED_VARIABLE = YES;
				PREBINDING = NO;
				SDKROOT = "$(DEVELOPER_SDK_DIR)/MacOSX10.5.sdk";
			};
			name = Debug;
		};
		4D7A7B590ABF745500C2D4C0 /* Release */ = {
			isa = XCBuildConfiguration;
			buildSettings = {
				ARCHS = (
					ppc,
					i386,
				);
				DEBUG_INFORMATION_FORMAT = "dwarf-with-dsym";
				GCC_WARN_ABOUT_RETURN_TYPE = YES;
				GCC_WARN_UNUSED_VARIABLE = YES;
				PREBINDING = NO;
				SDKROOT = "$(DEVELOPER_SDK_DIR)/MacOSX10.5.sdk";
			};
			name = Release;
		};
		4DDCA70F0ACC9A6100E082CE /* Debug */ = {
			isa = XCBuildConfiguration;
			buildSettings = {
				COPY_PHASE_STRIP = NO;
				FRAMEWORK_SEARCH_PATHS = (
					"$(inherited)",
					"\"$(SRCROOT)\"",
				);
				GCC_DYNAMIC_NO_PIC = NO;
				GCC_ENABLE_FIX_AND_CONTINUE = YES;
				GCC_MODEL_TUNING = G5;
				GCC_OPTIMIZATION_LEVEL = 0;
				INFOPLIST_FILE = Info.plist;
				INSTALL_PATH = "$(HOME)/Applications";
				PRODUCT_NAME = Croak;
				WRAPPER_EXTENSION = app;
				ZERO_LINK = YES;
			};
			name = Debug;
		};
		4DDCA7100ACC9A6100E082CE /* Release */ = {
			isa = XCBuildConfiguration;
			buildSettings = {
				ARCHS = (
					ppc,
					i386,
				);
				FRAMEWORK_SEARCH_PATHS = (
					"$(inherited)",
					"\"$(SRCROOT)\"",
				);
				GCC_MODEL_TUNING = G5;
				INFOPLIST_FILE = Info.plist;
				INSTALL_PATH = "$(HOME)/Applications";
				PRODUCT_NAME = Croak;
				WRAPPER_EXTENSION = app;
			};
			name = Release;
		};
/* End XCBuildConfiguration section */

/* Begin XCConfigurationList section */
		4D7A7B570ABF745500C2D4C0 /* Build configuration list for PBXProject "Croak" */ = {
			isa = XCConfigurationList;
			buildConfigurations = (
				4D7A7B580ABF745500C2D4C0 /* Debug */,
				4D7A7B590ABF745500C2D4C0 /* Release */,
			);
			defaultConfigurationIsVisible = 0;
			defaultConfigurationName = Release;
		};
		4DDCA70E0ACC9A6100E082CE /* Build configuration list for PBXNativeTarget "Croak" */ = {
			isa = XCConfigurationList;
			buildConfigurations = (
				4DDCA70F0ACC9A6100E082CE /* Debug */,
				4DDCA7100ACC9A6100E082CE /* Release */,
			);
			defaultConfigurationIsVisible = 0;
			defaultConfigurationName = Release;
		};
/* End XCConfigurationList section */
	};
	rootObject = 29B97313FDCFA39411CA2CEA /* Project object */;
}
